{
  "name": "Vbs",
  "version": "0.1.0",
  "lockfileVersion": 1,
  "requires": true,
  "dependencies": {
    "bozon": {
      "version": "0.7.3",
      "resolved": "https://registry.npmjs.org/bozon/-/bozon-0.7.3.tgz",
      "integrity": "sha1-OrNfoWIrHWU4UBN2RBiM3Rn4w+w=",
      "dev": true,
      "dependencies": {
        "underscore.string": {
          "version": "3.3.4",
          "resolved": "https://registry.npmjs.org/underscore.string/-/underscore.string-3.3.4.tgz",
          "integrity": "sha1-LCo/n4PmR2L9xF5s6sZRQoZCE9s="
        }
      }
    },
    "devtron": {
      "version": "1.4.0",
      "resolved": "https://registry.npmjs.org/devtron/-/devtron-1.4.0.tgz",
      "integrity": "sha1-tedIvW6Vu+cL/MaKrm/mlhGUQeE=",
      "dev": true
    },
    "electron": {
      "version": "1.8.8",
      "resolved": "https://registry.npmjs.org/electron/-/electron-1.8.8.tgz",
      "integrity": "sha512-1f9zJehcTTGjrkb06o6ds+gsRq6SYhZJyxOk6zIWjRH8hVy03y/RzUDELzNas71f5vcvXmfGVvyjeEsadDI8tg==",
      "dev": true,
      "requires": {
        "@types/node": "^8.0.24",
        "electron-download": "^3.0.1",
        "extract-zip": "^1.0.3"
      },
      "dependencies": {
        "@types/node": {
          "version": "8.10.54",
          "resolved": "https://registry.npmjs.org/@types/node/-/node-8.10.54.tgz",
          "integrity": "sha512-kaYyLYf6ICn6/isAyD4K1MyWWd5Q3JgH6bnMN089LUx88+s4W8GvK9Q6JMBVu5vsFFp7pMdSxdKmlBXwH/VFRg==",
          "dev": true
        }
      }
    },
    "electron-builder": {
      "version": "18.6.2",
      "resolved": "https://registry.npmjs.org/electron-builder/-/electron-builder-18.6.2.tgz",
      "integrity": "sha1-CFTx5ph38S67x7umSr/mgP0Hj4k=",
      "dev": true,
      "dependencies": {
        "ajv": {
          "version": "https://registry.npmjs.org/ajv/-/ajv-5.2.0.tgz",
          "integrity": "sha1-wXNQJMXaLvdcwZBxMHPUTwmL9IY="
        },
        "electron-download-tf": {
          "version": "https://registry.npmjs.org/electron-download-tf/-/electron-download-tf-4.3.1.tgz",
          "integrity": "sha1-eTDySgjjZp6q04pffyiKEEYcr3I="
        },
        "fs-extra": {
          "version": "https://registry.npmjs.org/fs-extra/-/fs-extra-3.0.1.tgz",
          "integrity": "sha1-N5TzeMWLNC6n27sjCVEJxLO2IpE="
        },
        "jsonfile": {
          "version": "https://registry.npmjs.org/jsonfile/-/jsonfile-3.0.0.tgz",
          "integrity": "sha1-kufHRE5f/V+jLmqa6LhQNN+DR9A="
        },
        "path-exists": {
          "version": "https://registry.npmjs.org/path-exists/-/path-exists-3.0.0.tgz",
          "integrity": "sha1-zg6+ql94yxiSXqfYENe1mwEP1RU="
        },
        "sumchecker": {
          "version": "https://registry.npmjs.org/sumchecker/-/sumchecker-2.0.2.tgz",
          "integrity": "sha1-D0LBDl0F2l1C7qPlbDOZo31sWz4="
        }
      }
    },
    "electron-debug": {
      "version": "1.2.0",
      "resolved": "https://registry.npmjs.org/electron-debug/-/electron-debug-1.2.0.tgz",
      "integrity": "sha1-IuUac+G/CV0LtRpsPZeiAzZMQiI="
    },
    "electron-download": {
      "version": "3.3.0",
      "resolved": "https://registry.npmjs.org/electron-download/-/electron-download-3.3.0.tgz",
      "integrity": "sha1-LP1U1pZsAZxNSa1l++Zcyc3vaMg=",
      "dev": true
    },
    "electron-log": {
      "version": "2.2.6",
      "resolved": "https://registry.npmjs.org/electron-log/-/electron-log-2.2.6.tgz",
      "integrity": "sha1-zPo+CbOfMhRoyQpkJwE4CjQHnxo="
    },
    "extract-zip": {
      "version": "1.6.5",
      "resolved": "https://registry.npmjs.org/extract-zip/-/extract-zip-1.6.5.tgz",
      "integrity": "sha1-maBnNbbqIOqbcF13ms/8yHz/BEA=",
      "dev": true,
      "dependencies": {
        "debug": {
          "version": "https://registry.npmjs.org/debug/-/debug-2.2.0.tgz",
          "integrity": "sha1-+HBX6ZWxofauaklgZkE3vFbwOdo="
        },
        "ms": {
          "version": "https://registry.npmjs.org/ms/-/ms-0.7.1.tgz",
          "integrity": "sha1-nNE8A62/8ltl7/3nzoZO6VIBcJg="
        }
      }
    },
    "gulp": {
      "version": "3.9.1",
      "resolved": "https://registry.npmjs.org/gulp/-/gulp-3.9.1.tgz",
      "integrity": "sha1-VxzkWSjdQK9lFPxAEYZgFsE4RbQ=",
      "dev": true,
      "dependencies": {
        "semver": {
          "version": "https://registry.npmjs.org/semver/-/semver-4.3.6.tgz",
          "integrity": "sha1-MAvG4OhjdPe6YQaLWx7NV/xlMto="
        }
      }
    },
    "lovefield": {
      "version": "2.1.12",
      "resolved": "https://registry.npmjs.org/lovefield/-/lovefield-2.1.12.tgz",
      "integrity": "sha1-B/ufHXhAV47HhHBsrQ++feTJP1I=",
      "dependencies": {
        "argparse": {
          "version": "0.1.16",
          "resolved": "https://registry.npmjs.org/argparse/-/argparse-0.1.16.tgz",
          "integrity": "sha1-z9AeD7uj1srtBJ+9dY1A9lGW9Xw="
        },
        "esprima": {
          "version": "1.0.4",
          "resolved": "https://registry.npmjs.org/esprima/-/esprima-1.0.4.tgz",
          "integrity": "sha1-n1V+CPw7TSbs6d00+Pv0drYlha0="
        },
        "js-yaml": {
          "version": "3.1.0",
          "resolved": "https://registry.npmjs.org/js-yaml/-/js-yaml-3.1.0.tgz",
          "integrity": "sha1-NroC5hjFB0jnct01JCiQTLutz0Q="
        }
      }
    },
    "mocha": {
      "version": "3.4.2",
      "resolved": "https://registry.npmjs.org/mocha/-/mocha-3.4.2.tgz",
      "integrity": "sha1-0O9NMyEm2/GNDWQMmzgt1IvpdZQ=",
      "dev": true,
      "dependencies": {
        "debug": {
          "version": "https://registry.npmjs.org/debug/-/debug-2.6.0.tgz",
          "integrity": "sha1-vFlryr52F/Edn6FTYe3tVgi4SZs="
        },
        "glob": {
          "version": "https://registry.npmjs.org/glob/-/glob-7.1.1.tgz",
          "integrity": "sha1-gFIR3wT6rxxjo2ADBs31reULLsg="
        },
        "minimist": {
          "version": "https://registry.npmjs.org/minimist/-/minimist-0.0.8.tgz",
          "integrity": "sha1-hX/Kv8M5fSYluCKCYuhqp6ARsF0="
        },
        "mkdirp": {
          "version": "https://registry.npmjs.org/mkdirp/-/mkdirp-0.5.1.tgz",
          "integrity": "sha1-MAV0OOrGz3+MR2fzhkjWaX11yQM="
        },
        "ms": {
          "version": "https://registry.npmjs.org/ms/-/ms-0.7.2.tgz",
          "integrity": "sha1-riXPJRKziFodldfwN4aNhDESR2U="
        },
        "supports-color": {
          "version": "https://registry.npmjs.org/supports-color/-/supports-color-3.1.2.tgz",
          "integrity": "sha1-cqJiiU2dQIuVbKBf83su2KbiotU="
        }
      }
    },
    "spectron": {
      "version": "3.6.4",
      "resolved": "https://registry.npmjs.org/spectron/-/spectron-3.6.4.tgz",
      "integrity": "sha1-VvQqtcSBVHkdjbLztTGyWOcgWqA=",
      "dev": true
    },
    "webpack-stream": {
      "version": "3.2.0",
      "resolved": "https://registry.npmjs.org/webpack-stream/-/webpack-stream-3.2.0.tgz",
      "integrity": "sha1-Oh0WD7EdQXJ7fObzL3IkZPmLIYY=",
      "dev": true,
      "dependencies": {
        "vinyl": {
          "version": "https://registry.npmjs.org/vinyl/-/vinyl-1.2.0.tgz",
          "integrity": "sha1-XIgDbPVl5d8FVYv8kR+GVt8hiIQ="
        }
      }
    }
  }
}
